// !$*UTF8*$!
{
	archiveVersion = 1;
	classes = {
	};
	objectVersion = 56;
	objects = {

/* Begin PBXBuildFile section */
		807B3FED29912FF20080B34D /* AppDelegate.swift in Sources */ = {isa = PBXBuildFile; fileRef = 807B3FEC29912FF20080B34D /* AppDelegate.swift */; };
		807B3FEF29912FF20080B34D /* SceneDelegate.swift in Sources */ = {isa = PBXBuildFile; fileRef = 807B3FEE29912FF20080B34D /* SceneDelegate.swift */; };
		807B3FF129912FF20080B34D /* ViewController.swift in Sources */ = {isa = PBXBuildFile; fileRef = 807B3FF029912FF20080B34D /* ViewController.swift */; };
		807B3FF429912FF20080B34D /* Main.storyboard in Resources */ = {isa = PBXBuildFile; fileRef = 807B3FF229912FF20080B34D /* Main.storyboard */; };
		807B3FF629912FF20080B34D /* Assets.xcassets in Resources */ = {isa = PBXBuildFile; fileRef = 807B3FF529912FF20080B34D /* Assets.xcassets */; };
		807B3FF929912FF20080B34D /* LaunchScreen.storyboard in Resources */ = {isa = PBXBuildFile; fileRef = 807B3FF729912FF20080B34D /* LaunchScreen.storyboard */; };
		807B400429912FF20080B34D /* perqaraTests.swift in Sources */ = {isa = PBXBuildFile; fileRef = 807B400329912FF20080B34D /* perqaraTests.swift */; };
		807B400E29912FF20080B34D /* perqaraUITests.swift in Sources */ = {isa = PBXBuildFile; fileRef = 807B400D29912FF20080B34D /* perqaraUITests.swift */; };
		807B401029912FF20080B34D /* perqaraUITestsLaunchTests.swift in Sources */ = {isa = PBXBuildFile; fileRef = 807B400F29912FF20080B34D /* perqaraUITestsLaunchTests.swift */; };
		80F3BCBB2991319C0007151E /* Constans.swift in Sources */ = {isa = PBXBuildFile; fileRef = 80F3BCBA2991319C0007151E /* Constans.swift */; };
		80F3BCC1299132B10007151E /* NetworkingModule.swift in Sources */ = {isa = PBXBuildFile; fileRef = 80F3BCC0299132B10007151E /* NetworkingModule.swift */; };
		80F3BCC4299132F00007151E /* SingletonScope.swift in Sources */ = {isa = PBXBuildFile; fileRef = 80F3BCC3299132F00007151E /* SingletonScope.swift */; };
		80F3BCC8299133290007151E /* MyAFRequest.swift in Sources */ = {isa = PBXBuildFile; fileRef = 80F3BCC7299133290007151E /* MyAFRequest.swift */; };
		80F3BCCB2991334B0007151E /* JsonRequest.swift in Sources */ = {isa = PBXBuildFile; fileRef = 80F3BCCA2991334B0007151E /* JsonRequest.swift */; };
		80F3BCCD299133890007151E /* MyAFRequest+JsonRequest.swift in Sources */ = {isa = PBXBuildFile; fileRef = 80F3BCCC299133890007151E /* MyAFRequest+JsonRequest.swift */; };
		80F3BCD1299138500007151E /* InjectorResolver.swift in Sources */ = {isa = PBXBuildFile; fileRef = 80F3BCD0299138500007151E /* InjectorResolver.swift */; };
		80F3BCD32991386C0007151E /* ProvidedInjectorResolver.swift in Sources */ = {isa = PBXBuildFile; fileRef = 80F3BCD22991386C0007151E /* ProvidedInjectorResolver.swift */; };
		80F3BCD9299138DE0007151E /* CoreModule.swift in Sources */ = {isa = PBXBuildFile; fileRef = 80F3BCD8299138DE0007151E /* CoreModule.swift */; };
		80F3BCDB299139050007151E /* DataModule.swift in Sources */ = {isa = PBXBuildFile; fileRef = 80F3BCDA299139050007151E /* DataModule.swift */; };
		80F3BCDD2991391F0007151E /* MyAPIModule.swift in Sources */ = {isa = PBXBuildFile; fileRef = 80F3BCDC2991391F0007151E /* MyAPIModule.swift */; };
		80F3BCE22991396B0007151E /* MyJsonAPI.swift in Sources */ = {isa = PBXBuildFile; fileRef = 80F3BCE12991396B0007151E /* MyJsonAPI.swift */; };
		80F3BCE4299139CD0007151E /* MainInjectorResolver.swift in Sources */ = {isa = PBXBuildFile; fileRef = 80F3BCE3299139CD0007151E /* MainInjectorResolver.swift */; };
		80F3BCE629913A250007151E /* AppComponent.swift in Sources */ = {isa = PBXBuildFile; fileRef = 80F3BCE529913A250007151E /* AppComponent.swift */; };
		80F3BCEB29913D700007151E /* MainPageModule.swift in Sources */ = {isa = PBXBuildFile; fileRef = 80F3BCEA29913D700007151E /* MainPageModule.swift */; };
		80F3BCED29913D860007151E /* PresentationModule.swift in Sources */ = {isa = PBXBuildFile; fileRef = 80F3BCEC29913D860007151E /* PresentationModule.swift */; };
		80F3BCEF29913D9F0007151E /* UIKitModule.swift in Sources */ = {isa = PBXBuildFile; fileRef = 80F3BCEE29913D9F0007151E /* UIKitModule.swift */; };
		80F3BCF229913FB90007151E /* GetGameListDataSource.swift in Sources */ = {isa = PBXBuildFile; fileRef = 80F3BCF129913FB90007151E /* GetGameListDataSource.swift */; };
		80F3BCF52991400B0007151E /* NameSpaceData.swift in Sources */ = {isa = PBXBuildFile; fileRef = 80F3BCF42991400B0007151E /* NameSpaceData.swift */; };
		80F3BCF72991402A0007151E /* DataGameEntity.swift in Sources */ = {isa = PBXBuildFile; fileRef = 80F3BCF62991402A0007151E /* DataGameEntity.swift */; };
		80F3BCF9299141100007151E /* MyJsonAPI+GetGameListDataSource.swift in Sources */ = {isa = PBXBuildFile; fileRef = 80F3BCF8299141100007151E /* MyJsonAPI+GetGameListDataSource.swift */; };
		80F3BD0329914FDB0007151E /* GetGameDetailDataSource.swift in Sources */ = {isa = PBXBuildFile; fileRef = 80F3BD0229914FDB0007151E /* GetGameDetailDataSource.swift */; };
		80F3BD05299151F90007151E /* MyJsonAPI+GetGameDetailDataSource.swift in Sources */ = {isa = PBXBuildFile; fileRef = 80F3BD04299151F90007151E /* MyJsonAPI+GetGameDetailDataSource.swift */; };
		80F3BD07299158510007151E /* DataDeveloperEntity.swift in Sources */ = {isa = PBXBuildFile; fileRef = 80F3BD06299158510007151E /* DataDeveloperEntity.swift */; };
		8FC2F17C34169BA050A984B3 /* Pods_perqara_perqaraUITests.framework in Frameworks */ = {isa = PBXBuildFile; fileRef = B277DCBF1D39299E753AC346 /* Pods_perqara_perqaraUITests.framework */; };
		C40AE17A468C7E2205BD82A2 /* Pods_perqara.framework in Frameworks */ = {isa = PBXBuildFile; fileRef = 3FD5AAC7C5DFED3204A7E655 /* Pods_perqara.framework */; };
		EC07ED0716EE042665F65791 /* Pods_perqaraTests.framework in Frameworks */ = {isa = PBXBuildFile; fileRef = 0EF8155DABDDAE7FD4D87ADC /* Pods_perqaraTests.framework */; };
/* End PBXBuildFile section */

/* Begin PBXContainerItemProxy section */
		807B400029912FF20080B34D /* PBXContainerItemProxy */ = {
			isa = PBXContainerItemProxy;
			containerPortal = 807B3FE129912FF20080B34D /* Project object */;
			proxyType = 1;
			remoteGlobalIDString = 807B3FE829912FF20080B34D;
			remoteInfo = perqara;
		};
		807B400A29912FF20080B34D /* PBXContainerItemProxy */ = {
			isa = PBXContainerItemProxy;
			containerPortal = 807B3FE129912FF20080B34D /* Project object */;
			proxyType = 1;
			remoteGlobalIDString = 807B3FE829912FF20080B34D;
			remoteInfo = perqara;
		};
/* End PBXContainerItemProxy section */

/* Begin PBXFileReference section */
		0EF8155DABDDAE7FD4D87ADC /* Pods_perqaraTests.framework */ = {isa = PBXFileReference; explicitFileType = wrapper.framework; includeInIndex = 0; path = Pods_perqaraTests.framework; sourceTree = BUILT_PRODUCTS_DIR; };
		3F3BCB5F831A600A8113635B /* Pods-perqara.release.xcconfig */ = {isa = PBXFileReference; includeInIndex = 1; lastKnownFileType = text.xcconfig; name = "Pods-perqara.release.xcconfig"; path = "Target Support Files/Pods-perqara/Pods-perqara.release.xcconfig"; sourceTree = "<group>"; };
		3FD5AAC7C5DFED3204A7E655 /* Pods_perqara.framework */ = {isa = PBXFileReference; explicitFileType = wrapper.framework; includeInIndex = 0; path = Pods_perqara.framework; sourceTree = BUILT_PRODUCTS_DIR; };
		4EB625C43E77B53D40F78985 /* Pods-perqara.debug.xcconfig */ = {isa = PBXFileReference; includeInIndex = 1; lastKnownFileType = text.xcconfig; name = "Pods-perqara.debug.xcconfig"; path = "Target Support Files/Pods-perqara/Pods-perqara.debug.xcconfig"; sourceTree = "<group>"; };
		6EB82436B35F08D02F049A33 /* Pods-perqaraTests.release.xcconfig */ = {isa = PBXFileReference; includeInIndex = 1; lastKnownFileType = text.xcconfig; name = "Pods-perqaraTests.release.xcconfig"; path = "Target Support Files/Pods-perqaraTests/Pods-perqaraTests.release.xcconfig"; sourceTree = "<group>"; };
		807B3FE929912FF20080B34D /* perqara.app */ = {isa = PBXFileReference; explicitFileType = wrapper.application; includeInIndex = 0; path = perqara.app; sourceTree = BUILT_PRODUCTS_DIR; };
		807B3FEC29912FF20080B34D /* AppDelegate.swift */ = {isa = PBXFileReference; lastKnownFileType = sourcecode.swift; path = AppDelegate.swift; sourceTree = "<group>"; };
		807B3FEE29912FF20080B34D /* SceneDelegate.swift */ = {isa = PBXFileReference; lastKnownFileType = sourcecode.swift; path = SceneDelegate.swift; sourceTree = "<group>"; };
		807B3FF029912FF20080B34D /* ViewController.swift */ = {isa = PBXFileReference; lastKnownFileType = sourcecode.swift; path = ViewController.swift; sourceTree = "<group>"; };
		807B3FF329912FF20080B34D /* Base */ = {isa = PBXFileReference; lastKnownFileType = file.storyboard; name = Base; path = Base.lproj/Main.storyboard; sourceTree = "<group>"; };
		807B3FF529912FF20080B34D /* Assets.xcassets */ = {isa = PBXFileReference; lastKnownFileType = folder.assetcatalog; path = Assets.xcassets; sourceTree = "<group>"; };
		807B3FF829912FF20080B34D /* Base */ = {isa = PBXFileReference; lastKnownFileType = file.storyboard; name = Base; path = Base.lproj/LaunchScreen.storyboard; sourceTree = "<group>"; };
		807B3FFA29912FF20080B34D /* Info.plist */ = {isa = PBXFileReference; lastKnownFileType = text.plist.xml; path = Info.plist; sourceTree = "<group>"; };
		807B3FFF29912FF20080B34D /* perqaraTests.xctest */ = {isa = PBXFileReference; explicitFileType = wrapper.cfbundle; includeInIndex = 0; path = perqaraTests.xctest; sourceTree = BUILT_PRODUCTS_DIR; };
		807B400329912FF20080B34D /* perqaraTests.swift */ = {isa = PBXFileReference; lastKnownFileType = sourcecode.swift; path = perqaraTests.swift; sourceTree = "<group>"; };
		807B400929912FF20080B34D /* perqaraUITests.xctest */ = {isa = PBXFileReference; explicitFileType = wrapper.cfbundle; includeInIndex = 0; path = perqaraUITests.xctest; sourceTree = BUILT_PRODUCTS_DIR; };
		807B400D29912FF20080B34D /* perqaraUITests.swift */ = {isa = PBXFileReference; lastKnownFileType = sourcecode.swift; path = perqaraUITests.swift; sourceTree = "<group>"; };
		807B400F29912FF20080B34D /* perqaraUITestsLaunchTests.swift */ = {isa = PBXFileReference; lastKnownFileType = sourcecode.swift; path = perqaraUITestsLaunchTests.swift; sourceTree = "<group>"; };
		80F3BCBA2991319C0007151E /* Constans.swift */ = {isa = PBXFileReference; lastKnownFileType = sourcecode.swift; path = Constans.swift; sourceTree = "<group>"; };
		80F3BCC0299132B10007151E /* NetworkingModule.swift */ = {isa = PBXFileReference; lastKnownFileType = sourcecode.swift; path = NetworkingModule.swift; sourceTree = "<group>"; };
		80F3BCC3299132F00007151E /* SingletonScope.swift */ = {isa = PBXFileReference; lastKnownFileType = sourcecode.swift; path = SingletonScope.swift; sourceTree = "<group>"; };
		80F3BCC7299133290007151E /* MyAFRequest.swift */ = {isa = PBXFileReference; lastKnownFileType = sourcecode.swift; path = MyAFRequest.swift; sourceTree = "<group>"; };
		80F3BCCA2991334B0007151E /* JsonRequest.swift */ = {isa = PBXFileReference; lastKnownFileType = sourcecode.swift; path = JsonRequest.swift; sourceTree = "<group>"; };
		80F3BCCC299133890007151E /* MyAFRequest+JsonRequest.swift */ = {isa = PBXFileReference; lastKnownFileType = sourcecode.swift; path = "MyAFRequest+JsonRequest.swift"; sourceTree = "<group>"; };
		80F3BCD0299138500007151E /* InjectorResolver.swift */ = {isa = PBXFileReference; lastKnownFileType = sourcecode.swift; path = InjectorResolver.swift; sourceTree = "<group>"; };
		80F3BCD22991386C0007151E /* ProvidedInjectorResolver.swift */ = {isa = PBXFileReference; lastKnownFileType = sourcecode.swift; path = ProvidedInjectorResolver.swift; sourceTree = "<group>"; };
		80F3BCD8299138DE0007151E /* CoreModule.swift */ = {isa = PBXFileReference; lastKnownFileType = sourcecode.swift; path = CoreModule.swift; sourceTree = "<group>"; };
		80F3BCDA299139050007151E /* DataModule.swift */ = {isa = PBXFileReference; lastKnownFileType = sourcecode.swift; path = DataModule.swift; sourceTree = "<group>"; };
		80F3BCDC2991391F0007151E /* MyAPIModule.swift */ = {isa = PBXFileReference; lastKnownFileType = sourcecode.swift; path = MyAPIModule.swift; sourceTree = "<group>"; };
		80F3BCE12991396B0007151E /* MyJsonAPI.swift */ = {isa = PBXFileReference; lastKnownFileType = sourcecode.swift; path = MyJsonAPI.swift; sourceTree = "<group>"; };
		80F3BCE3299139CD0007151E /* MainInjectorResolver.swift */ = {isa = PBXFileReference; lastKnownFileType = sourcecode.swift; path = MainInjectorResolver.swift; sourceTree = "<group>"; };
		80F3BCE529913A250007151E /* AppComponent.swift */ = {isa = PBXFileReference; lastKnownFileType = sourcecode.swift; path = AppComponent.swift; sourceTree = "<group>"; };
		80F3BCEA29913D700007151E /* MainPageModule.swift */ = {isa = PBXFileReference; lastKnownFileType = sourcecode.swift; path = MainPageModule.swift; sourceTree = "<group>"; };
		80F3BCEC29913D860007151E /* PresentationModule.swift */ = {isa = PBXFileReference; lastKnownFileType = sourcecode.swift; path = PresentationModule.swift; sourceTree = "<group>"; };
		80F3BCEE29913D9F0007151E /* UIKitModule.swift */ = {isa = PBXFileReference; lastKnownFileType = sourcecode.swift; path = UIKitModule.swift; sourceTree = "<group>"; };
		80F3BCF129913FB90007151E /* GetGameListDataSource.swift */ = {isa = PBXFileReference; lastKnownFileType = sourcecode.swift; path = GetGameListDataSource.swift; sourceTree = "<group>"; };
		80F3BCF42991400B0007151E /* NameSpaceData.swift */ = {isa = PBXFileReference; lastKnownFileType = sourcecode.swift; path = NameSpaceData.swift; sourceTree = "<group>"; };
		80F3BCF62991402A0007151E /* DataGameEntity.swift */ = {isa = PBXFileReference; lastKnownFileType = sourcecode.swift; path = DataGameEntity.swift; sourceTree = "<group>"; };
		80F3BCF8299141100007151E /* MyJsonAPI+GetGameListDataSource.swift */ = {isa = PBXFileReference; lastKnownFileType = sourcecode.swift; path = "MyJsonAPI+GetGameListDataSource.swift"; sourceTree = "<group>"; };
		80F3BD0229914FDB0007151E /* GetGameDetailDataSource.swift */ = {isa = PBXFileReference; lastKnownFileType = sourcecode.swift; path = GetGameDetailDataSource.swift; sourceTree = "<group>"; };
		80F3BD04299151F90007151E /* MyJsonAPI+GetGameDetailDataSource.swift */ = {isa = PBXFileReference; lastKnownFileType = sourcecode.swift; path = "MyJsonAPI+GetGameDetailDataSource.swift"; sourceTree = "<group>"; };
		80F3BD06299158510007151E /* DataDeveloperEntity.swift */ = {isa = PBXFileReference; lastKnownFileType = sourcecode.swift; path = DataDeveloperEntity.swift; sourceTree = "<group>"; };
		9FD4F0742BD11A10E2D8ECC4 /* Pods-perqara-perqaraUITests.release.xcconfig */ = {isa = PBXFileReference; includeInIndex = 1; lastKnownFileType = text.xcconfig; name = "Pods-perqara-perqaraUITests.release.xcconfig"; path = "Target Support Files/Pods-perqara-perqaraUITests/Pods-perqara-perqaraUITests.release.xcconfig"; sourceTree = "<group>"; };
		B277DCBF1D39299E753AC346 /* Pods_perqara_perqaraUITests.framework */ = {isa = PBXFileReference; explicitFileType = wrapper.framework; includeInIndex = 0; path = Pods_perqara_perqaraUITests.framework; sourceTree = BUILT_PRODUCTS_DIR; };
		F455203AE66C730A16053EE6 /* Pods-perqaraTests.debug.xcconfig */ = {isa = PBXFileReference; includeInIndex = 1; lastKnownFileType = text.xcconfig; name = "Pods-perqaraTests.debug.xcconfig"; path = "Target Support Files/Pods-perqaraTests/Pods-perqaraTests.debug.xcconfig"; sourceTree = "<group>"; };
		FDF52ED11A91E31834818D62 /* Pods-perqara-perqaraUITests.debug.xcconfig */ = {isa = PBXFileReference; includeInIndex = 1; lastKnownFileType = text.xcconfig; name = "Pods-perqara-perqaraUITests.debug.xcconfig"; path = "Target Support Files/Pods-perqara-perqaraUITests/Pods-perqara-perqaraUITests.debug.xcconfig"; sourceTree = "<group>"; };
/* End PBXFileReference section */

/* Begin PBXFrameworksBuildPhase section */
		807B3FE629912FF20080B34D /* Frameworks */ = {
			isa = PBXFrameworksBuildPhase;
			buildActionMask = 2147483647;
			files = (
				C40AE17A468C7E2205BD82A2 /* Pods_perqara.framework in Frameworks */,
			);
			runOnlyForDeploymentPostprocessing = 0;
		};
		807B3FFC29912FF20080B34D /* Frameworks */ = {
			isa = PBXFrameworksBuildPhase;
			buildActionMask = 2147483647;
			files = (
				EC07ED0716EE042665F65791 /* Pods_perqaraTests.framework in Frameworks */,
			);
			runOnlyForDeploymentPostprocessing = 0;
		};
		807B400629912FF20080B34D /* Frameworks */ = {
			isa = PBXFrameworksBuildPhase;
			buildActionMask = 2147483647;
			files = (
				8FC2F17C34169BA050A984B3 /* Pods_perqara_perqaraUITests.framework in Frameworks */,
			);
			runOnlyForDeploymentPostprocessing = 0;
		};
/* End PBXFrameworksBuildPhase section */

/* Begin PBXGroup section */
		807B3FE029912FF20080B34D = {
			isa = PBXGroup;
			children = (
				807B3FEB29912FF20080B34D /* perqara */,
				807B400229912FF20080B34D /* perqaraTests */,
				807B400C29912FF20080B34D /* perqaraUITests */,
				807B3FEA29912FF20080B34D /* Products */,
				CF036C43286FFC4101EED02E /* Pods */,
				95C1FE6483943020E2478848 /* Frameworks */,
			);
			sourceTree = "<group>";
		};
		807B3FEA29912FF20080B34D /* Products */ = {
			isa = PBXGroup;
			children = (
				807B3FE929912FF20080B34D /* perqara.app */,
				807B3FFF29912FF20080B34D /* perqaraTests.xctest */,
				807B400929912FF20080B34D /* perqaraUITests.xctest */,
			);
			name = Products;
			sourceTree = "<group>";
		};
		807B3FEB29912FF20080B34D /* perqara */ = {
			isa = PBXGroup;
			children = (
				80F3BCDE299139450007151E /* DataLayer */,
				80F3BCC5299133110007151E /* Infrastructure */,
				80F3BCBC299132870007151E /* DI */,
				80F3BCB92991318C0007151E /* Misc */,
				807B3FEC29912FF20080B34D /* AppDelegate.swift */,
				807B3FEE29912FF20080B34D /* SceneDelegate.swift */,
				807B3FF029912FF20080B34D /* ViewController.swift */,
				807B3FF229912FF20080B34D /* Main.storyboard */,
				807B3FF529912FF20080B34D /* Assets.xcassets */,
				807B3FF729912FF20080B34D /* LaunchScreen.storyboard */,
				807B3FFA29912FF20080B34D /* Info.plist */,
				80F3BCE529913A250007151E /* AppComponent.swift */,
			);
			path = perqara;
			sourceTree = "<group>";
		};
		807B400229912FF20080B34D /* perqaraTests */ = {
			isa = PBXGroup;
			children = (
				807B400329912FF20080B34D /* perqaraTests.swift */,
			);
			path = perqaraTests;
			sourceTree = "<group>";
		};
		807B400C29912FF20080B34D /* perqaraUITests */ = {
			isa = PBXGroup;
			children = (
				807B400D29912FF20080B34D /* perqaraUITests.swift */,
				807B400F29912FF20080B34D /* perqaraUITestsLaunchTests.swift */,
			);
			path = perqaraUITests;
			sourceTree = "<group>";
		};
		80F3BCB92991318C0007151E /* Misc */ = {
			isa = PBXGroup;
			children = (
				80F3BCBA2991319C0007151E /* Constans.swift */,
			);
			path = Misc;
			sourceTree = "<group>";
		};
		80F3BCBC299132870007151E /* DI */ = {
			isa = PBXGroup;
			children = (
				80F3BCCF299138420007151E /* Interface */,
				80F3BCC2299132E20007151E /* Scope */,
				80F3BCBD2991328E0007151E /* Module */,
			);
			path = DI;
			sourceTree = "<group>";
		};
		80F3BCBD2991328E0007151E /* Module */ = {
			isa = PBXGroup;
			children = (
				80F3BCE929913D620007151E /* Presentation */,
				80F3BCBE299132960007151E /* Data */,
				80F3BCD8299138DE0007151E /* CoreModule.swift */,
				80F3BCE3299139CD0007151E /* MainInjectorResolver.swift */,
			);
			path = Module;
			sourceTree = "<group>";
		};
		80F3BCBE299132960007151E /* Data */ = {
			isa = PBXGroup;
			children = (
				80F3BCBF2991329E0007151E /* Remote */,
				80F3BCDA299139050007151E /* DataModule.swift */,
			);
			path = Data;
			sourceTree = "<group>";
		};
		80F3BCBF2991329E0007151E /* Remote */ = {
			isa = PBXGroup;
			children = (
				80F3BCC0299132B10007151E /* NetworkingModule.swift */,
				80F3BCDC2991391F0007151E /* MyAPIModule.swift */,
			);
			path = Remote;
			sourceTree = "<group>";
		};
		80F3BCC2299132E20007151E /* Scope */ = {
			isa = PBXGroup;
			children = (
				80F3BCC3299132F00007151E /* SingletonScope.swift */,
			);
			path = Scope;
			sourceTree = "<group>";
		};
		80F3BCC5299133110007151E /* Infrastructure */ = {
			isa = PBXGroup;
			children = (
				80F3BCFB299143F80007151E /* Networking */,
				80F3BCC92991333D0007151E /* Interface */,
			);
			path = Infrastructure;
			sourceTree = "<group>";
		};
		80F3BCC62991331C0007151E /* Alamofire */ = {
			isa = PBXGroup;
			children = (
				80F3BCC7299133290007151E /* MyAFRequest.swift */,
				80F3BCCC299133890007151E /* MyAFRequest+JsonRequest.swift */,
			);
			path = Alamofire;
			sourceTree = "<group>";
		};
		80F3BCC92991333D0007151E /* Interface */ = {
			isa = PBXGroup;
			children = (
				80F3BCCA2991334B0007151E /* JsonRequest.swift */,
			);
			path = Interface;
			sourceTree = "<group>";
		};
		80F3BCCF299138420007151E /* Interface */ = {
			isa = PBXGroup;
			children = (
				80F3BCD0299138500007151E /* InjectorResolver.swift */,
				80F3BCD22991386C0007151E /* ProvidedInjectorResolver.swift */,
			);
			path = Interface;
			sourceTree = "<group>";
		};
		80F3BCDE299139450007151E /* DataLayer */ = {
			isa = PBXGroup;
			children = (
				80F3BCDF299139560007151E /* Remote */,
			);
			path = DataLayer;
			sourceTree = "<group>";
		};
		80F3BCDF299139560007151E /* Remote */ = {
			isa = PBXGroup;
			children = (
				80F3BCF329913FF60007151E /* Entity */,
				80F3BCF029913FA90007151E /* Interface */,
				80F3BCE02991395D0007151E /* API */,
				80F3BCF42991400B0007151E /* NameSpaceData.swift */,
			);
			path = Remote;
			sourceTree = "<group>";
		};
		80F3BCE02991395D0007151E /* API */ = {
			isa = PBXGroup;
			children = (
				80F3BCE12991396B0007151E /* MyJsonAPI.swift */,
				80F3BCF8299141100007151E /* MyJsonAPI+GetGameListDataSource.swift */,
				80F3BD04299151F90007151E /* MyJsonAPI+GetGameDetailDataSource.swift */,
			);
			path = API;
			sourceTree = "<group>";
		};
		80F3BCE929913D620007151E /* Presentation */ = {
			isa = PBXGroup;
			children = (
				80F3BCEC29913D860007151E /* PresentationModule.swift */,
				80F3BCEA29913D700007151E /* MainPageModule.swift */,
				80F3BCEE29913D9F0007151E /* UIKitModule.swift */,
			);
			path = Presentation;
			sourceTree = "<group>";
		};
		80F3BCF029913FA90007151E /* Interface */ = {
			isa = PBXGroup;
			children = (
				80F3BCF129913FB90007151E /* GetGameListDataSource.swift */,
				80F3BD0229914FDB0007151E /* GetGameDetailDataSource.swift */,
			);
			path = Interface;
			sourceTree = "<group>";
		};
		80F3BCF329913FF60007151E /* Entity */ = {
			isa = PBXGroup;
			children = (
				80F3BCF62991402A0007151E /* DataGameEntity.swift */,
				80F3BD06299158510007151E /* DataDeveloperEntity.swift */,
			);
			path = Entity;
			sourceTree = "<group>";
		};
		80F3BCFB299143F80007151E /* Networking */ = {
			isa = PBXGroup;
			children = (
				80F3BCC62991331C0007151E /* Alamofire */,
			);
			path = Networking;
			sourceTree = "<group>";
		};
		95C1FE6483943020E2478848 /* Frameworks */ = {
			isa = PBXGroup;
			children = (
				3FD5AAC7C5DFED3204A7E655 /* Pods_perqara.framework */,
				B277DCBF1D39299E753AC346 /* Pods_perqara_perqaraUITests.framework */,
				0EF8155DABDDAE7FD4D87ADC /* Pods_perqaraTests.framework */,
			);
			name = Frameworks;
			sourceTree = "<group>";
		};
		CF036C43286FFC4101EED02E /* Pods */ = {
			isa = PBXGroup;
			children = (
				4EB625C43E77B53D40F78985 /* Pods-perqara.debug.xcconfig */,
				3F3BCB5F831A600A8113635B /* Pods-perqara.release.xcconfig */,
				FDF52ED11A91E31834818D62 /* Pods-perqara-perqaraUITests.debug.xcconfig */,
				9FD4F0742BD11A10E2D8ECC4 /* Pods-perqara-perqaraUITests.release.xcconfig */,
				F455203AE66C730A16053EE6 /* Pods-perqaraTests.debug.xcconfig */,
				6EB82436B35F08D02F049A33 /* Pods-perqaraTests.release.xcconfig */,
			);
			path = Pods;
			sourceTree = "<group>";
		};
/* End PBXGroup section */

/* Begin PBXNativeTarget section */
		807B3FE829912FF20080B34D /* perqara */ = {
			isa = PBXNativeTarget;
			buildConfigurationList = 807B401329912FF20080B34D /* Build configuration list for PBXNativeTarget "perqara" */;
			buildPhases = (
				2574B9481106F63ED48B81D8 /* [CP] Check Pods Manifest.lock */,
				807B3FE529912FF20080B34D /* Sources */,
				807B3FE629912FF20080B34D /* Frameworks */,
				807B3FE729912FF20080B34D /* Resources */,
				E9500131CFA69DE938F89C12 /* [CP] Embed Pods Frameworks */,
			);
			buildRules = (
			);
			dependencies = (
			);
			name = perqara;
			productName = perqara;
			productReference = 807B3FE929912FF20080B34D /* perqara.app */;
			productType = "com.apple.product-type.application";
		};
		807B3FFE29912FF20080B34D /* perqaraTests */ = {
			isa = PBXNativeTarget;
			buildConfigurationList = 807B401629912FF20080B34D /* Build configuration list for PBXNativeTarget "perqaraTests" */;
			buildPhases = (
				38E899AC58B7E97159FB4434 /* [CP] Check Pods Manifest.lock */,
				807B3FFB29912FF20080B34D /* Sources */,
				807B3FFC29912FF20080B34D /* Frameworks */,
				807B3FFD29912FF20080B34D /* Resources */,
			);
			buildRules = (
			);
			dependencies = (
				807B400129912FF20080B34D /* PBXTargetDependency */,
			);
			name = perqaraTests;
			productName = perqaraTests;
			productReference = 807B3FFF29912FF20080B34D /* perqaraTests.xctest */;
			productType = "com.apple.product-type.bundle.unit-test";
		};
		807B400829912FF20080B34D /* perqaraUITests */ = {
			isa = PBXNativeTarget;
			buildConfigurationList = 807B401929912FF20080B34D /* Build configuration list for PBXNativeTarget "perqaraUITests" */;
			buildPhases = (
				3328CA40890E208FA13426B8 /* [CP] Check Pods Manifest.lock */,
				807B400529912FF20080B34D /* Sources */,
				807B400629912FF20080B34D /* Frameworks */,
				807B400729912FF20080B34D /* Resources */,
				3E3DF7CA90F3F3D2D3211498 /* [CP] Embed Pods Frameworks */,
			);
			buildRules = (
			);
			dependencies = (
				807B400B29912FF20080B34D /* PBXTargetDependency */,
			);
			name = perqaraUITests;
			productName = perqaraUITests;
			productReference = 807B400929912FF20080B34D /* perqaraUITests.xctest */;
			productType = "com.apple.product-type.bundle.ui-testing";
		};
/* End PBXNativeTarget section */

/* Begin PBXProject section */
		807B3FE129912FF20080B34D /* Project object */ = {
			isa = PBXProject;
			attributes = {
				BuildIndependentTargetsInParallel = 1;
				LastSwiftUpdateCheck = 1420;
				LastUpgradeCheck = 1420;
				TargetAttributes = {
					807B3FE829912FF20080B34D = {
						CreatedOnToolsVersion = 14.2;
					};
					807B3FFE29912FF20080B34D = {
						CreatedOnToolsVersion = 14.2;
						TestTargetID = 807B3FE829912FF20080B34D;
					};
					807B400829912FF20080B34D = {
						CreatedOnToolsVersion = 14.2;
						TestTargetID = 807B3FE829912FF20080B34D;
					};
				};
			};
			buildConfigurationList = 807B3FE429912FF20080B34D /* Build configuration list for PBXProject "perqara" */;
			compatibilityVersion = "Xcode 14.0";
			developmentRegion = en;
			hasScannedForEncodings = 0;
			knownRegions = (
				en,
				Base,
			);
			mainGroup = 807B3FE029912FF20080B34D;
			productRefGroup = 807B3FEA29912FF20080B34D /* Products */;
			projectDirPath = "";
			projectRoot = "";
			targets = (
				807B3FE829912FF20080B34D /* perqara */,
				807B3FFE29912FF20080B34D /* perqaraTests */,
				807B400829912FF20080B34D /* perqaraUITests */,
			);
		};
/* End PBXProject section */

/* Begin PBXResourcesBuildPhase section */
		807B3FE729912FF20080B34D /* Resources */ = {
			isa = PBXResourcesBuildPhase;
			buildActionMask = 2147483647;
			files = (
				807B3FF929912FF20080B34D /* LaunchScreen.storyboard in Resources */,
				807B3FF629912FF20080B34D /* Assets.xcassets in Resources */,
				807B3FF429912FF20080B34D /* Main.storyboard in Resources */,
			);
			runOnlyForDeploymentPostprocessing = 0;
		};
		807B3FFD29912FF20080B34D /* Resources */ = {
			isa = PBXResourcesBuildPhase;
			buildActionMask = 2147483647;
			files = (
			);
			runOnlyForDeploymentPostprocessing = 0;
		};
		807B400729912FF20080B34D /* Resources */ = {
			isa = PBXResourcesBuildPhase;
			buildActionMask = 2147483647;
			files = (
			);
			runOnlyForDeploymentPostprocessing = 0;
		};
/* End PBXResourcesBuildPhase section */

/* Begin PBXShellScriptBuildPhase section */
		2574B9481106F63ED48B81D8 /* [CP] Check Pods Manifest.lock */ = {
			isa = PBXShellScriptBuildPhase;
			buildActionMask = 2147483647;
			files = (
			);
			inputFileListPaths = (
			);
			inputPaths = (
				"${PODS_PODFILE_DIR_PATH}/Podfile.lock",
				"${PODS_ROOT}/Manifest.lock",
			);
			name = "[CP] Check Pods Manifest.lock";
			outputFileListPaths = (
			);
			outputPaths = (
				"$(DERIVED_FILE_DIR)/Pods-perqara-checkManifestLockResult.txt",
			);
			runOnlyForDeploymentPostprocessing = 0;
			shellPath = /bin/sh;
			shellScript = "diff \"${PODS_PODFILE_DIR_PATH}/Podfile.lock\" \"${PODS_ROOT}/Manifest.lock\" > /dev/null\nif [ $? != 0 ] ; then\n    # print error to STDERR\n    echo \"error: The sandbox is not in sync with the Podfile.lock. Run 'pod install' or update your CocoaPods installation.\" >&2\n    exit 1\nfi\n# This output is used by Xcode 'outputs' to avoid re-running this script phase.\necho \"SUCCESS\" > \"${SCRIPT_OUTPUT_FILE_0}\"\n";
			showEnvVarsInLog = 0;
		};
		3328CA40890E208FA13426B8 /* [CP] Check Pods Manifest.lock */ = {
			isa = PBXShellScriptBuildPhase;
			buildActionMask = 2147483647;
			files = (
			);
			inputFileListPaths = (
			);
			inputPaths = (
				"${PODS_PODFILE_DIR_PATH}/Podfile.lock",
				"${PODS_ROOT}/Manifest.lock",
			);
			name = "[CP] Check Pods Manifest.lock";
			outputFileListPaths = (
			);
			outputPaths = (
				"$(DERIVED_FILE_DIR)/Pods-perqara-perqaraUITests-checkManifestLockResult.txt",
			);
			runOnlyForDeploymentPostprocessing = 0;
			shellPath = /bin/sh;
			shellScript = "diff \"${PODS_PODFILE_DIR_PATH}/Podfile.lock\" \"${PODS_ROOT}/Manifest.lock\" > /dev/null\nif [ $? != 0 ] ; then\n    # print error to STDERR\n    echo \"error: The sandbox is not in sync with the Podfile.lock. Run 'pod install' or update your CocoaPods installation.\" >&2\n    exit 1\nfi\n# This output is used by Xcode 'outputs' to avoid re-running this script phase.\necho \"SUCCESS\" > \"${SCRIPT_OUTPUT_FILE_0}\"\n";
			showEnvVarsInLog = 0;
		};
		38E899AC58B7E97159FB4434 /* [CP] Check Pods Manifest.lock */ = {
			isa = PBXShellScriptBuildPhase;
			buildActionMask = 2147483647;
			files = (
			);
			inputFileListPaths = (
			);
			inputPaths = (
				"${PODS_PODFILE_DIR_PATH}/Podfile.lock",
				"${PODS_ROOT}/Manifest.lock",
			);
			name = "[CP] Check Pods Manifest.lock";
			outputFileListPaths = (
			);
			outputPaths = (
				"$(DERIVED_FILE_DIR)/Pods-perqaraTests-checkManifestLockResult.txt",
			);
			runOnlyForDeploymentPostprocessing = 0;
			shellPath = /bin/sh;
			shellScript = "diff \"${PODS_PODFILE_DIR_PATH}/Podfile.lock\" \"${PODS_ROOT}/Manifest.lock\" > /dev/null\nif [ $? != 0 ] ; then\n    # print error to STDERR\n    echo \"error: The sandbox is not in sync with the Podfile.lock. Run 'pod install' or update your CocoaPods installation.\" >&2\n    exit 1\nfi\n# This output is used by Xcode 'outputs' to avoid re-running this script phase.\necho \"SUCCESS\" > \"${SCRIPT_OUTPUT_FILE_0}\"\n";
			showEnvVarsInLog = 0;
		};
		3E3DF7CA90F3F3D2D3211498 /* [CP] Embed Pods Frameworks */ = {
			isa = PBXShellScriptBuildPhase;
			buildActionMask = 2147483647;
			files = (
			);
			inputFileListPaths = (
				"${PODS_ROOT}/Target Support Files/Pods-perqara-perqaraUITests/Pods-perqara-perqaraUITests-frameworks-${CONFIGURATION}-input-files.xcfilelist",
			);
			name = "[CP] Embed Pods Frameworks";
			outputFileListPaths = (
				"${PODS_ROOT}/Target Support Files/Pods-perqara-perqaraUITests/Pods-perqara-perqaraUITests-frameworks-${CONFIGURATION}-output-files.xcfilelist",
			);
			runOnlyForDeploymentPostprocessing = 0;
			shellPath = /bin/sh;
			shellScript = "\"${PODS_ROOT}/Target Support Files/Pods-perqara-perqaraUITests/Pods-perqara-perqaraUITests-frameworks.sh\"\n";
			showEnvVarsInLog = 0;
		};
		E9500131CFA69DE938F89C12 /* [CP] Embed Pods Frameworks */ = {
			isa = PBXShellScriptBuildPhase;
			buildActionMask = 2147483647;
			files = (
			);
			inputFileListPaths = (
				"${PODS_ROOT}/Target Support Files/Pods-perqara/Pods-perqara-frameworks-${CONFIGURATION}-input-files.xcfilelist",
			);
			name = "[CP] Embed Pods Frameworks";
			outputFileListPaths = (
				"${PODS_ROOT}/Target Support Files/Pods-perqara/Pods-perqara-frameworks-${CONFIGURATION}-output-files.xcfilelist",
			);
			runOnlyForDeploymentPostprocessing = 0;
			shellPath = /bin/sh;
			shellScript = "\"${PODS_ROOT}/Target Support Files/Pods-perqara/Pods-perqara-frameworks.sh\"\n";
			showEnvVarsInLog = 0;
		};
/* End PBXShellScriptBuildPhase section */

/* Begin PBXSourcesBuildPhase section */
		807B3FE529912FF20080B34D /* Sources */ = {
			isa = PBXSourcesBuildPhase;
			buildActionMask = 2147483647;
			files = (
				80F3BCEF29913D9F0007151E /* UIKitModule.swift in Sources */,
				80F3BCD9299138DE0007151E /* CoreModule.swift in Sources */,
				80F3BCDD2991391F0007151E /* MyAPIModule.swift in Sources */,
				80F3BCED29913D860007151E /* PresentationModule.swift in Sources */,
				807B3FF129912FF20080B34D /* ViewController.swift in Sources */,
				80F3BCF229913FB90007151E /* GetGameListDataSource.swift in Sources */,
				80F3BCE22991396B0007151E /* MyJsonAPI.swift in Sources */,
				80F3BCF52991400B0007151E /* NameSpaceData.swift in Sources */,
				80F3BCC8299133290007151E /* MyAFRequest.swift in Sources */,
				80F3BD07299158510007151E /* DataDeveloperEntity.swift in Sources */,
				80F3BCE4299139CD0007151E /* MainInjectorResolver.swift in Sources */,
				80F3BCC1299132B10007151E /* NetworkingModule.swift in Sources */,
				80F3BCD1299138500007151E /* InjectorResolver.swift in Sources */,
				807B3FED29912FF20080B34D /* AppDelegate.swift in Sources */,
				80F3BD0329914FDB0007151E /* GetGameDetailDataSource.swift in Sources */,
				80F3BCF72991402A0007151E /* DataGameEntity.swift in Sources */,
				80F3BCBB2991319C0007151E /* Constans.swift in Sources */,
				80F3BCDB299139050007151E /* DataModule.swift in Sources */,
				80F3BCC4299132F00007151E /* SingletonScope.swift in Sources */,
				807B3FEF29912FF20080B34D /* SceneDelegate.swift in Sources */,
				80F3BCE629913A250007151E /* AppComponent.swift in Sources */,
				80F3BCD32991386C0007151E /* ProvidedInjectorResolver.swift in Sources */,
				80F3BCCD299133890007151E /* MyAFRequest+JsonRequest.swift in Sources */,
				80F3BCCB2991334B0007151E /* JsonRequest.swift in Sources */,
				80F3BCEB29913D700007151E /* MainPageModule.swift in Sources */,
				80F3BCF9299141100007151E /* MyJsonAPI+GetGameListDataSource.swift in Sources */,
				80F3BD05299151F90007151E /* MyJsonAPI+GetGameDetailDataSource.swift in Sources */,
			);
			runOnlyForDeploymentPostprocessing = 0;
		};
		807B3FFB29912FF20080B34D /* Sources */ = {
			isa = PBXSourcesBuildPhase;
			buildActionMask = 2147483647;
			files = (
				807B400429912FF20080B34D /* perqaraTests.swift in Sources */,
			);
			runOnlyForDeploymentPostprocessing = 0;
		};
		807B400529912FF20080B34D /* Sources */ = {
			isa = PBXSourcesBuildPhase;
			buildActionMask = 2147483647;
			files = (
				807B400E29912FF20080B34D /* perqaraUITests.swift in Sources */,
				807B401029912FF20080B34D /* perqaraUITestsLaunchTests.swift in Sources */,
			);
			runOnlyForDeploymentPostprocessing = 0;
		};
/* End PBXSourcesBuildPhase section */

/* Begin PBXTargetDependency section */
		807B400129912FF20080B34D /* PBXTargetDependency */ = {
			isa = PBXTargetDependency;
			target = 807B3FE829912FF20080B34D /* perqara */;
			targetProxy = 807B400029912FF20080B34D /* PBXContainerItemProxy */;
		};
		807B400B29912FF20080B34D /* PBXTargetDependency */ = {
			isa = PBXTargetDependency;
			target = 807B3FE829912FF20080B34D /* perqara */;
			targetProxy = 807B400A29912FF20080B34D /* PBXContainerItemProxy */;
		};
/* End PBXTargetDependency section */

/* Begin PBXVariantGroup section */
		807B3FF229912FF20080B34D /* Main.storyboard */ = {
			isa = PBXVariantGroup;
			children = (
				807B3FF329912FF20080B34D /* Base */,
			);
			name = Main.storyboard;
			sourceTree = "<group>";
		};
		807B3FF729912FF20080B34D /* LaunchScreen.storyboard */ = {
			isa = PBXVariantGroup;
			children = (
				807B3FF829912FF20080B34D /* Base */,
			);
			name = LaunchScreen.storyboard;
			sourceTree = "<group>";
		};
/* End PBXVariantGroup section */

/* Begin XCBuildConfiguration section */
		807B401129912FF20080B34D /* Debug */ = {
			isa = XCBuildConfiguration;
			buildSettings = {
				ALWAYS_SEARCH_USER_PATHS = NO;
				CLANG_ANALYZER_NONNULL = YES;
				CLANG_ANALYZER_NUMBER_OBJECT_CONVERSION = YES_AGGRESSIVE;
				CLANG_CXX_LANGUAGE_STANDARD = "gnu++20";
				CLANG_ENABLE_MODULES = YES;
				CLANG_ENABLE_OBJC_ARC = YES;
				CLANG_ENABLE_OBJC_WEAK = YES;
				CLANG_WARN_BLOCK_CAPTURE_AUTORELEASING = YES;
				CLANG_WARN_BOOL_CONVERSION = YES;
				CLANG_WARN_COMMA = YES;
				CLANG_WARN_CONSTANT_CONVERSION = YES;
				CLANG_WARN_DEPRECATED_OBJC_IMPLEMENTATIONS = YES;
				CLANG_WARN_DIRECT_OBJC_ISA_USAGE = YES_ERROR;
				CLANG_WARN_DOCUMENTATION_COMMENTS = YES;
				CLANG_WARN_EMPTY_BODY = YES;
				CLANG_WARN_ENUM_CONVERSION = YES;
				CLANG_WARN_INFINITE_RECURSION = YES;
				CLANG_WARN_INT_CONVERSION = YES;
				CLANG_WARN_NON_LITERAL_NULL_CONVERSION = YES;
				CLANG_WARN_OBJC_IMPLICIT_RETAIN_SELF = YES;
				CLANG_WARN_OBJC_LITERAL_CONVERSION = YES;
				CLANG_WARN_OBJC_ROOT_CLASS = YES_ERROR;
				CLANG_WARN_QUOTED_INCLUDE_IN_FRAMEWORK_HEADER = YES;
				CLANG_WARN_RANGE_LOOP_ANALYSIS = YES;
				CLANG_WARN_STRICT_PROTOTYPES = YES;
				CLANG_WARN_SUSPICIOUS_MOVE = YES;
				CLANG_WARN_UNGUARDED_AVAILABILITY = YES_AGGRESSIVE;
				CLANG_WARN_UNREACHABLE_CODE = YES;
				CLANG_WARN__DUPLICATE_METHOD_MATCH = YES;
				COPY_PHASE_STRIP = NO;
				DEBUG_INFORMATION_FORMAT = dwarf;
				ENABLE_STRICT_OBJC_MSGSEND = YES;
				ENABLE_TESTABILITY = YES;
				GCC_C_LANGUAGE_STANDARD = gnu11;
				GCC_DYNAMIC_NO_PIC = NO;
				GCC_NO_COMMON_BLOCKS = YES;
				GCC_OPTIMIZATION_LEVEL = 0;
				GCC_PREPROCESSOR_DEFINITIONS = (
					"DEBUG=1",
					"$(inherited)",
				);
				GCC_WARN_64_TO_32_BIT_CONVERSION = YES;
				GCC_WARN_ABOUT_RETURN_TYPE = YES_ERROR;
				GCC_WARN_UNDECLARED_SELECTOR = YES;
				GCC_WARN_UNINITIALIZED_AUTOS = YES_AGGRESSIVE;
				GCC_WARN_UNUSED_FUNCTION = YES;
				GCC_WARN_UNUSED_VARIABLE = YES;
				IPHONEOS_DEPLOYMENT_TARGET = 16.2;
				MTL_ENABLE_DEBUG_INFO = INCLUDE_SOURCE;
				MTL_FAST_MATH = YES;
				ONLY_ACTIVE_ARCH = YES;
				SDKROOT = iphoneos;
				SWIFT_ACTIVE_COMPILATION_CONDITIONS = DEBUG;
				SWIFT_OPTIMIZATION_LEVEL = "-Onone";
			};
			name = Debug;
		};
		807B401229912FF20080B34D /* Release */ = {
			isa = XCBuildConfiguration;
			buildSettings = {
				ALWAYS_SEARCH_USER_PATHS = NO;
				CLANG_ANALYZER_NONNULL = YES;
				CLANG_ANALYZER_NUMBER_OBJECT_CONVERSION = YES_AGGRESSIVE;
				CLANG_CXX_LANGUAGE_STANDARD = "gnu++20";
				CLANG_ENABLE_MODULES = YES;
				CLANG_ENABLE_OBJC_ARC = YES;
				CLANG_ENABLE_OBJC_WEAK = YES;
				CLANG_WARN_BLOCK_CAPTURE_AUTORELEASING = YES;
				CLANG_WARN_BOOL_CONVERSION = YES;
				CLANG_WARN_COMMA = YES;
				CLANG_WARN_CONSTANT_CONVERSION = YES;
				CLANG_WARN_DEPRECATED_OBJC_IMPLEMENTATIONS = YES;
				CLANG_WARN_DIRECT_OBJC_ISA_USAGE = YES_ERROR;
				CLANG_WARN_DOCUMENTATION_COMMENTS = YES;
				CLANG_WARN_EMPTY_BODY = YES;
				CLANG_WARN_ENUM_CONVERSION = YES;
				CLANG_WARN_INFINITE_RECURSION = YES;
				CLANG_WARN_INT_CONVERSION = YES;
				CLANG_WARN_NON_LITERAL_NULL_CONVERSION = YES;
				CLANG_WARN_OBJC_IMPLICIT_RETAIN_SELF = YES;
				CLANG_WARN_OBJC_LITERAL_CONVERSION = YES;
				CLANG_WARN_OBJC_ROOT_CLASS = YES_ERROR;
				CLANG_WARN_QUOTED_INCLUDE_IN_FRAMEWORK_HEADER = YES;
				CLANG_WARN_RANGE_LOOP_ANALYSIS = YES;
				CLANG_WARN_STRICT_PROTOTYPES = YES;
				CLANG_WARN_SUSPICIOUS_MOVE = YES;
				CLANG_WARN_UNGUARDED_AVAILABILITY = YES_AGGRESSIVE;
				CLANG_WARN_UNREACHABLE_CODE = YES;
				CLANG_WARN__DUPLICATE_METHOD_MATCH = YES;
				COPY_PHASE_STRIP = NO;
				DEBUG_INFORMATION_FORMAT = "dwarf-with-dsym";
				ENABLE_NS_ASSERTIONS = NO;
				ENABLE_STRICT_OBJC_MSGSEND = YES;
				GCC_C_LANGUAGE_STANDARD = gnu11;
				GCC_NO_COMMON_BLOCKS = YES;
				GCC_WARN_64_TO_32_BIT_CONVERSION = YES;
				GCC_WARN_ABOUT_RETURN_TYPE = YES_ERROR;
				GCC_WARN_UNDECLARED_SELECTOR = YES;
				GCC_WARN_UNINITIALIZED_AUTOS = YES_AGGRESSIVE;
				GCC_WARN_UNUSED_FUNCTION = YES;
				GCC_WARN_UNUSED_VARIABLE = YES;
				IPHONEOS_DEPLOYMENT_TARGET = 16.2;
				MTL_ENABLE_DEBUG_INFO = NO;
				MTL_FAST_MATH = YES;
				SDKROOT = iphoneos;
				SWIFT_COMPILATION_MODE = wholemodule;
				SWIFT_OPTIMIZATION_LEVEL = "-O";
				VALIDATE_PRODUCT = YES;
			};
			name = Release;
		};
		807B401429912FF20080B34D /* Debug */ = {
			isa = XCBuildConfiguration;
			baseConfigurationReference = 4EB625C43E77B53D40F78985 /* Pods-perqara.debug.xcconfig */;
			buildSettings = {
				ASSETCATALOG_COMPILER_APPICON_NAME = AppIcon;
				ASSETCATALOG_COMPILER_GLOBAL_ACCENT_COLOR_NAME = AccentColor;
				CODE_SIGN_STYLE = Automatic;
				CURRENT_PROJECT_VERSION = 1;
				DEVELOPMENT_TEAM = W2KRQ33G3D;
				GENERATE_INFOPLIST_FILE = YES;
				INFOPLIST_FILE = perqara/Info.plist;
				INFOPLIST_KEY_UIApplicationSupportsIndirectInputEvents = YES;
				INFOPLIST_KEY_UILaunchStoryboardName = LaunchScreen;
				INFOPLIST_KEY_UIMainStoryboardFile = Main;
				INFOPLIST_KEY_UISupportedInterfaceOrientations_iPad = "UIInterfaceOrientationPortrait UIInterfaceOrientationPortraitUpsideDown UIInterfaceOrientationLandscapeLeft UIInterfaceOrientationLandscapeRight";
				INFOPLIST_KEY_UISupportedInterfaceOrientations_iPhone = "UIInterfaceOrientationPortrait UIInterfaceOrientationLandscapeLeft UIInterfaceOrientationLandscapeRight";
				LD_RUNPATH_SEARCH_PATHS = (
					"$(inherited)",
					"@executable_path/Frameworks",
				);
				MARKETING_VERSION = 1.0;
				PRODUCT_BUNDLE_IDENTIFIER = ikaru19.perqara;
				PRODUCT_NAME = "$(TARGET_NAME)";
				SWIFT_EMIT_LOC_STRINGS = YES;
				SWIFT_VERSION = 5.0;
				TARGETED_DEVICE_FAMILY = "1,2";
			};
			name = Debug;
		};
		807B401529912FF20080B34D /* Release */ = {
			isa = XCBuildConfiguration;
			baseConfigurationReference = 3F3BCB5F831A600A8113635B /* Pods-perqara.release.xcconfig */;
			buildSettings = {
				ASSETCATALOG_COMPILER_APPICON_NAME = AppIcon;
				ASSETCATALOG_COMPILER_GLOBAL_ACCENT_COLOR_NAME = AccentColor;
				CODE_SIGN_STYLE = Automatic;
				CURRENT_PROJECT_VERSION = 1;
				DEVELOPMENT_TEAM = W2KRQ33G3D;
				GENERATE_INFOPLIST_FILE = YES;
				INFOPLIST_FILE = perqara/Info.plist;
				INFOPLIST_KEY_UIApplicationSupportsIndirectInputEvents = YES;
				INFOPLIST_KEY_UILaunchStoryboardName = LaunchScreen;
				INFOPLIST_KEY_UIMainStoryboardFile = Main;
				INFOPLIST_KEY_UISupportedInterfaceOrientations_iPad = "UIInterfaceOrientationPortrait UIInterfaceOrientationPortraitUpsideDown UIInterfaceOrientationLandscapeLeft UIInterfaceOrientationLandscapeRight";
				INFOPLIST_KEY_UISupportedInterfaceOrientations_iPhone = "UIInterfaceOrientationPortrait UIInterfaceOrientationLandscapeLeft UIInterfaceOrientationLandscapeRight";
				LD_RUNPATH_SEARCH_PATHS = (
					"$(inherited)",
					"@executable_path/Frameworks",
				);
				MARKETING_VERSION = 1.0;
				PRODUCT_BUNDLE_IDENTIFIER = ikaru19.perqara;
				PRODUCT_NAME = "$(TARGET_NAME)";
				SWIFT_EMIT_LOC_STRINGS = YES;
				SWIFT_VERSION = 5.0;
				TARGETED_DEVICE_FAMILY = "1,2";
			};
			name = Release;
		};
		807B401729912FF20080B34D /* Debug */ = {
			isa = XCBuildConfiguration;
			baseConfigurationReference = F455203AE66C730A16053EE6 /* Pods-perqaraTests.debug.xcconfig */;
			buildSettings = {
				ALWAYS_EMBED_SWIFT_STANDARD_LIBRARIES = YES;
				BUNDLE_LOADER = "$(TEST_HOST)";
				CODE_SIGN_STYLE = Automatic;
				CURRENT_PROJECT_VERSION = 1;
				DEVELOPMENT_TEAM = W2KRQ33G3D;
				GENERATE_INFOPLIST_FILE = YES;
				IPHONEOS_DEPLOYMENT_TARGET = 16.2;
				MARKETING_VERSION = 1.0;
				PRODUCT_BUNDLE_IDENTIFIER = ikaru19.perqaraTests;
				PRODUCT_NAME = "$(TARGET_NAME)";
				SWIFT_EMIT_LOC_STRINGS = NO;
				SWIFT_VERSION = 5.0;
				TARGETED_DEVICE_FAMILY = "1,2";
				TEST_HOST = "$(BUILT_PRODUCTS_DIR)/perqara.app/$(BUNDLE_EXECUTABLE_FOLDER_PATH)/perqara";
			};
			name = Debug;
		};
		807B401829912FF20080B34D /* Release */ = {
			isa = XCBuildConfiguration;
			baseConfigurationReference = 6EB82436B35F08D02F049A33 /* Pods-perqaraTests.release.xcconfig */;
			buildSettings = {
				ALWAYS_EMBED_SWIFT_STANDARD_LIBRARIES = YES;
				BUNDLE_LOADER = "$(TEST_HOST)";
				CODE_SIGN_STYLE = Automatic;
				CURRENT_PROJECT_VERSION = 1;
				DEVELOPMENT_TEAM = W2KRQ33G3D;
				GENERATE_INFOPLIST_FILE = YES;
				IPHONEOS_DEPLOYMENT_TARGET = 16.2;
				MARKETING_VERSION = 1.0;
				PRODUCT_BUNDLE_IDENTIFIER = ikaru19.perqaraTests;
				PRODUCT_NAME = "$(TARGET_NAME)";
				SWIFT_EMIT_LOC_STRINGS = NO;
				SWIFT_VERSION = 5.0;
				TARGETED_DEVICE_FAMILY = "1,2";
				TEST_HOST = "$(BUILT_PRODUCTS_DIR)/perqara.app/$(BUNDLE_EXECUTABLE_FOLDER_PATH)/perqara";
			};
			name = Release;
		};
		807B401A29912FF20080B34D /* Debug */ = {
			isa = XCBuildConfiguration;
			baseConfigurationReference = FDF52ED11A91E31834818D62 /* Pods-perqara-perqaraUITests.debug.xcconfig */;
			buildSettings = {
				ALWAYS_EMBED_SWIFT_STANDARD_LIBRARIES = YES;
				CODE_SIGN_STYLE = Automatic;
				CURRENT_PROJECT_VERSION = 1;
				DEVELOPMENT_TEAM = W2KRQ33G3D;
				GENERATE_INFOPLIST_FILE = YES;
				MARKETING_VERSION = 1.0;
				PRODUCT_BUNDLE_IDENTIFIER = ikaru19.perqaraUITests;
				PRODUCT_NAME = "$(TARGET_NAME)";
				SWIFT_EMIT_LOC_STRINGS = NO;
				SWIFT_VERSION = 5.0;
				TARGETED_DEVICE_FAMILY = "1,2";
				TEST_TARGET_NAME = perqara;
			};
			name = Debug;
		};
		807B401B29912FF20080B34D /* Release */ = {
			isa = XCBuildConfiguration;
			baseConfigurationReference = 9FD4F0742BD11A10E2D8ECC4 /* Pods-perqara-perqaraUITests.release.xcconfig */;
			buildSettings = {
				ALWAYS_EMBED_SWIFT_STANDARD_LIBRARIES = YES;
				CODE_SIGN_STYLE = Automatic;
				CURRENT_PROJECT_VERSION = 1;
				DEVELOPMENT_TEAM = W2KRQ33G3D;
				GENERATE_INFOPLIST_FILE = YES;
				MARKETING_VERSION = 1.0;
				PRODUCT_BUNDLE_IDENTIFIER = ikaru19.perqaraUITests;
				PRODUCT_NAME = "$(TARGET_NAME)";
				SWIFT_EMIT_LOC_STRINGS = NO;
				SWIFT_VERSION = 5.0;
				TARGETED_DEVICE_FAMILY = "1,2";
				TEST_TARGET_NAME = perqara;
			};
			name = Release;
		};
/* End XCBuildConfiguration section */

/* Begin XCConfigurationList section */
		807B3FE429912FF20080B34D /* Build configuration list for PBXProject "perqara" */ = {
			isa = XCConfigurationList;
			buildConfigurations = (
				807B401129912FF20080B34D /* Debug */,
				807B401229912FF20080B34D /* Release */,
			);
			defaultConfigurationIsVisible = 0;
			defaultConfigurationName = Release;
		};
		807B401329912FF20080B34D /* Build configuration list for PBXNativeTarget "perqara" */ = {
			isa = XCConfigurationList;
			buildConfigurations = (
				807B401429912FF20080B34D /* Debug */,
				807B401529912FF20080B34D /* Release */,
			);
			defaultConfigurationIsVisible = 0;
			defaultConfigurationName = Release;
		};
		807B401629912FF20080B34D /* Build configuration list for PBXNativeTarget "perqaraTests" */ = {
			isa = XCConfigurationList;
			buildConfigurations = (
				807B401729912FF20080B34D /* Debug */,
				807B401829912FF20080B34D /* Release */,
			);
			defaultConfigurationIsVisible = 0;
			defaultConfigurationName = Release;
		};
		807B401929912FF20080B34D /* Build configuration list for PBXNativeTarget "perqaraUITests" */ = {
			isa = XCConfigurationList;
			buildConfigurations = (
				807B401A29912FF20080B34D /* Debug */,
				807B401B29912FF20080B34D /* Release */,
			);
			defaultConfigurationIsVisible = 0;
			defaultConfigurationName = Release;
		};
/* End XCConfigurationList section */
	};
	rootObject = 807B3FE129912FF20080B34D /* Project object */;
}
